
Microsoft Visual Studio Solution File, Format Version 12.00
# Visual Studio Version 17
VisualStudioVersion = 17.11.35327.3
MinimumVisualStudioVersion = 10.0.40219.1
Project("{8BC9CEB8-8B4A-11D0-8D11-00A0C91BC942}") = "TimeTravellers", "TimeTravellers.vcxproj", "{12D16C12-51A6-4D40-B0CF-22C197AD4550}"
EndProject
Global
	GlobalSection(SolutionConfigurationPlatforms) = preSolution
		Debug|x64 = Debug|x64
		Debug|x86 = Debug|x86
		Release|x64 = Release|x64
		Release|x86 = Release|x86
	EndGlobalSection
	GlobalSection(ProjectConfigurationPlatforms) = postSolution
		{12D16C12-51A6-4D40-B0CF-22C197AD4550}.Debug|x64.ActiveCfg = Debug|x64
		{12D16C12-51A6-4D40-B0CF-22C197AD4550}.Debug|x64.Build.0 = Debug|x64
		{12D16C12-51A6-4D40-B0CF-22C197AD4550}.Debug|x86.ActiveCfg = Debug|Win32
		{12D16C12-51A6-4D40-B0CF-22C197AD4550}.Debug|x86.Build.0 = Debug|Win32
		{12D16C12-51A6-4D40-B0CF-22C197AD4550}.Release|x64.ActiveCfg = Release|x64
		{12D16C12-51A6-4D40-B0CF-22C197AD4550}.Release|x64.Build.0 = Release|x64
		{12D16C12-51A6-4D40-B0CF-22C197AD4550}.Release|x86.ActiveCfg = Release|Win32
		{12D16C12-51A6-4D40-B0CF-22C197AD4550}.Release|x86.Build.0 = Release|Win32
	EndGlobalSection
	GlobalSection(SolutionProperties) = preSolution
		HideSolutionNode = FALSE
	EndGlobalSection
	GlobalSection(ExtensibilityGlobals) = postSolution
		SolutionGuid = {23FD8449-96EA-470F-8DB2-DFA2D867CCF8}
	EndGlobalSection
EndGlobal
